
Microsoft Visual Studio Solution File, Format Version 12.00
# Visual Studio Version 16
VisualStudioVersion = 16.0.31702.278
MinimumVisualStudioVersion = 10.0.40219.1
Project("{FAE04EC0-301F-11D3-BF4B-00C04F79EFBC}") = "Angular2Demo", "Angular2Demo\Angular2Demo.csproj", "{6E8609EC-106F-4F57-BA3E-3141FA4F69FA}"
EndProject
Project("{FAE04EC0-301F-11D3-BF4B-00C04F79EFBC}") = "EmployeeWebAPIService", "EmployeeWebAPIService\EmployeeWebAPIService.csproj", "{7945731F-665F-47E6-B181-9494897BC0A4}"
EndProject
Global
	GlobalSection(SolutionConfigurationPlatforms) = preSolution
		Debug|Any CPU = Debug|Any CPU
		Release|Any CPU = Release|Any CPU
	EndGlobalSection
	GlobalSection(ProjectConfigurationPlatforms) = postSolution
		{6E8609EC-106F-4F57-BA3E-3141FA4F69FA}.Debug|Any CPU.ActiveCfg = Debug|Any CPU
		{6E8609EC-106F-4F57-BA3E-3141FA4F69FA}.Debug|Any CPU.Build.0 = Debug|Any CPU
		{6E8609EC-106F-4F57-BA3E-3141FA4F69FA}.Release|Any CPU.ActiveCfg = Release|Any CPU
		{6E8609EC-106F-4F57-BA3E-3141FA4F69FA}.Release|Any CPU.Build.0 = Release|Any CPU
		{7945731F-665F-47E6-B181-9494897BC0A4}.Debug|Any CPU.ActiveCfg = Debug|Any CPU
		{7945731F-665F-47E6-B181-9494897BC0A4}.Debug|Any CPU.Build.0 = Debug|Any CPU
		{7945731F-665F-47E6-B181-9494897BC0A4}.Release|Any CPU.ActiveCfg = Release|Any CPU
		{7945731F-665F-47E6-B181-9494897BC0A4}.Release|Any CPU.Build.0 = Release|Any CPU
	EndGlobalSection
	GlobalSection(SolutionProperties) = preSolution
		HideSolutionNode = FALSE
	EndGlobalSection
	GlobalSection(ExtensibilityGlobals) = postSolution
		SolutionGuid = {CE69C91F-1F26-48F7-BCDA-BB16F3EF2814}
	EndGlobalSection
EndGlobal
